<?xml version="1.0" encoding="UTF-8"?>
<Scheme
   version = "1.3">
   <BuildAction>
      <BuildActionEntries>
         <BuildActionEntry
            buildForRunning = "YES">
            <BuildableReference
               BuildableIdentifier = "primary"
               BlueprintIdentifier = "F20B6E8B1AC5C3D70094A1FE"
               BuildableName = "Birthdays.app"
               BlueprintName = "Birthdays"
               ReferencedContainer = "container:Birthdays.xcodeproj">
            </BuildableReference>
         </BuildActionEntry>
      </BuildActionEntries>
   </BuildAction>
   <LaunchAction
      useCustomWorkingDirectory = "NO"
      buildConfiguration = "Debug">
      <BuildableProductRunnable>
         <BuildableReference
            BuildableIdentifier = "primary"
            BlueprintIdentifier = "F20B6E8B1AC5C3D70094A1FE"
            BuildableName = "Birthdays.app"
            BlueprintName = "Birthdays"
            ReferencedContainer = "container:Birthdays.xcodeproj">
         </BuildableReference>
      </BuildableProductRunnable>
   </LaunchAction>
</Scheme>
